
Microsoft Visual Studio Solution File, Format Version 12.00
Project("{FAE04EC0-301F-11D3-BF4B-00C04F79EFBC}") = "Teo-Em05", "Teo-Em05\Teo-Em05.csproj", "{8B14F21D-0151-47FC-A786-1ED703784CC3}"
EndProject
Global
	GlobalSection(SolutionConfigurationPlatforms) = preSolution
		Debug|Any CPU = Debug|Any CPU
		Release|Any CPU = Release|Any CPU
	EndGlobalSection
	GlobalSection(ProjectConfigurationPlatforms) = postSolution
		{8B14F21D-0151-47FC-A786-1ED703784CC3}.Debug|Any CPU.ActiveCfg = Debug|Any CPU
		{8B14F21D-0151-47FC-A786-1ED703784CC3}.Debug|Any CPU.Build.0 = Debug|Any CPU
		{8B14F21D-0151-47FC-A786-1ED703784CC3}.Release|Any CPU.ActiveCfg = Release|Any CPU
		{8B14F21D-0151-47FC-A786-1ED703784CC3}.Release|Any CPU.Build.0 = Release|Any CPU
	EndGlobalSection
EndGlobal
